
Microsoft Visual Studio Solution File, Format Version 12.00
# Visual Studio Version 17
VisualStudioVersion = 17.1.32414.318
MinimumVisualStudioVersion = 10.0.40219.1
Project("{888888A0-9F3D-457C-B088-3A5042F75D52}") = "trafficproject", "trafficproject\trafficproject.pyproj", "{74660EFC-FF26-4C3A-BD19-5095286CF6BC}"
EndProject
Global
	GlobalSection(SolutionConfigurationPlatforms) = preSolution
		Debug|Any CPU = Debug|Any CPU
		Release|Any CPU = Release|Any CPU
	EndGlobalSection
	GlobalSection(ProjectConfigurationPlatforms) = postSolution
		{74660EFC-FF26-4C3A-BD19-5095286CF6BC}.Debug|Any CPU.ActiveCfg = Debug|Any CPU
		{74660EFC-FF26-4C3A-BD19-5095286CF6BC}.Release|Any CPU.ActiveCfg = Release|Any CPU
	EndGlobalSection
	GlobalSection(SolutionProperties) = preSolution
		HideSolutionNode = FALSE
	EndGlobalSection
	GlobalSection(ExtensibilityGlobals) = postSolution
		SolutionGuid = {98AAADAC-82FE-4826-94B4-DFBA12926D82}
	EndGlobalSection
EndGlobal
